
Microsoft Visual Studio Solution File, Format Version 12.00
# Visual Studio Version 17
VisualStudioVersion = 17.14.36408.4 d17.14
MinimumVisualStudioVersion = 10.0.40219.1
Project("{FAE04EC0-301F-11D3-BF4B-00C04F79EFBC}") = "TH1_lms", "TH1_lms\TH1_lms.csproj", "{94607069-E992-47F0-B02F-006491D42A50}"
EndProject
Global
	GlobalSection(SolutionConfigurationPlatforms) = preSolution
		Debug|Any CPU = Debug|Any CPU
		Release|Any CPU = Release|Any CPU
	EndGlobalSection
	GlobalSection(ProjectConfigurationPlatforms) = postSolution
		{94607069-E992-47F0-B02F-006491D42A50}.Debug|Any CPU.ActiveCfg = Debug|Any CPU
		{94607069-E992-47F0-B02F-006491D42A50}.Debug|Any CPU.Build.0 = Debug|Any CPU
		{94607069-E992-47F0-B02F-006491D42A50}.Release|Any CPU.ActiveCfg = Release|Any CPU
		{94607069-E992-47F0-B02F-006491D42A50}.Release|Any CPU.Build.0 = Release|Any CPU
	EndGlobalSection
	GlobalSection(SolutionProperties) = preSolution
		HideSolutionNode = FALSE
	EndGlobalSection
	GlobalSection(ExtensibilityGlobals) = postSolution
		SolutionGuid = {7B7F4CE0-D3E5-4DD5-B9B4-D3905F32E419}
	EndGlobalSection
EndGlobal
